{
  "name": "kalorie-ai",
  "lockfileVersion": 3,
  "requires": true,
  "packages": {
    "": {
      "name": "kalorie-ai",
      "dependencies": {
        "@anthropic-ai/claude-code": "2.1.292"
      },
      "engines": {
        "node": ">=22"
      }
    },
    "node_modules/@anthropic-ai/claude-code": {
      "version": "2.1.292",
      "resolved": "https://registry.npmjs.org/@anthropic-ai/claude-code/-/claude-code-2.1.292.tgz",
      "integrity": "sha512-ptT9UcOsyR2VLNgfHgF87To8B7tCrZktIpYC4dEGt+9MG42NAWsljEGBZ3spdHcJ2akednszESVNti7hWxZrJg==",
      "hasInstallScript": true,
      "license": "SEE LICENSE IN README.md",
      "bin": {
        "claude": "bin/claude.exe"
      },
      "engines": {
        "node": ">=22.0.0"
      },
      "optionalDependencies": {
        "@anthropic-ai/claude-code-darwin-arm64": "2.1.292",
        "@anthropic-ai/claude-code-darwin-x64": "2.1.292",
        "@anthropic-ai/claude-code-linux-arm64": "2.1.292",
        "@anthropic-ai/claude-code-linux-arm64-musl": "2.1.292",
        "@anthropic-ai/claude-code-linux-x64": "2.1.292",
        "@anthropic-ai/claude-code-linux-x64-musl": "2.1.292",
        "@anthropic-ai/claude-code-win32-arm64": "2.1.292",
        "@anthropic-ai/claude-code-win32-x64": "2.1.292"
      }
    },
    "node_modules/@anthropic-ai/claude-code-darwin-arm64": {
      "version": "2.1.292",
      "resolved": "https://registry.npmjs.org/@anthropic-ai/claude-code-darwin-arm64/-/claude-code-darwin-arm64-2.1.292.tgz",
      "integrity": "sha512-SBkmDQOPbQ9bqkGrzshn92ByyqQy2P7pSs/11NdMLq2VXbcQc93z+yd8Dtx4+jeAX22G7GSvQpKDyKev70Vn8Q==",
      "cpu": [
        "arm64"
      ],
      "license": "SEE LICENSE IN LICENSE.md",
      "optional": true,
      "os": [
        "darwin"
      ]
    },
    "node_modules/@anthropic-ai/claude-code-darwin-x64": {
      "version": "2.1.292",
      "resolved": "https://registry.npmjs.org/@anthropic-ai/claude-code-darwin-x64/-/claude-code-darwin-x64-2.1.292.tgz",
      "integrity": "sha512-1S/JscVIMFrqZsUgcwkyFCKkE2EPgPKX/6z/rgUvZIwfwDRhArzHDCAXbqZYIIBLycLGYH8mUQvud6wBumfsXQ==",
      "cpu": [
        "x64"
      ],
      "license": "SEE LICENSE IN LICENSE.md",
      "optional": true,
      "os": [
        "darwin"
      ]
    },
    "node_modules/@anthropic-ai/claude-code-linux-arm64": {
      "version": "2.1.292",
      "resolved": "https://registry.npmjs.org/@anthropic-ai/claude-code-linux-arm64/-/claude-code-linux-arm64-2.1.292.tgz",
      "integrity": "sha512-tkYfopUsz3AbyprMXvaXlTUewee0Of6fKd+i7Mczb0PFVi3C5SN72WqTwL7ONLD1HyoQ63Tj7TOUUOCPLf/0/w==",
      "cpu": [
        "arm64"
      ],
      "license": "SEE LICENSE IN LICENSE.md",
      "optional": true,
      "os": [
        "linux"
      ]
    },
    "node_modules/@anthropic-ai/claude-code-linux-arm64-musl": {
      "version": "2.1.292",
      "resolved": "https://registry.npmjs.org/@anthropic-ai/claude-code-linux-arm64-musl/-/claude-code-linux-arm64-musl-2.1.292.tgz",
      "integrity": "sha512-NGyuwTVwm+e/Nw2DXne/Y9DVvmF7W6tJPIsDFRFtpjmumqf3IYaO7rOSPa/GCYI+Bk17ZcLGhdz8i1sjJVaufQ==",
      "cpu": [
        "arm64"
      ],
      "license": "SEE LICENSE IN LICENSE.md",
      "optional": true,
      "os": [
        "linux"
      ]
    },
    "node_modules/@anthropic-ai/claude-code-linux-x64": {
      "version": "2.1.292",
      "resolved": "https://registry.npmjs.org/@anthropic-ai/claude-code-linux-x64/-/claude-code-linux-x64-2.1.292.tgz",
      "integrity": "sha512-DNQrJZomQAX23jkJXnfYtIyJdSf5CBnexXwO2hABCs7oiZpa3IbPWIo7K6SPk5tzRIERzbwpfK3tmija1C7+kQ==",
      "cpu": [
        "x64"
      ],
      "license": "SEE LICENSE IN LICENSE.md",
      "optional": true,
      "os": [
        "linux"
      ]
    },
    "node_modules/@anthropic-ai/claude-code-linux-x64-musl": {
      "version": "2.1.292",
      "resolved": "https://registry.npmjs.org/@anthropic-ai/claude-code-linux-x64-musl/-/claude-code-linux-x64-musl-2.1.292.tgz",
      "integrity": "sha512-dDsSurNwuTHMcohG8NfQQAecQ994HnLDjKmsBzlzWvKXp+1/uQY5uhUbDt5R2xXUZTJfzmG1GNClpCu6TMQWaQ==",
      "cpu": [
        "x64"
      ],
      "license": "SEE LICENSE IN LICENSE.md",
      "optional": true,
      "os": [
        "linux"
      ]
    },
    "node_modules/@anthropic-ai/claude-code-win32-arm64": {
      "version": "2.1.292",
      "resolved": "https://registry.npmjs.org/@anthropic-ai/claude-code-win32-arm64/-/claude-code-win32-arm64-2.1.292.tgz",
      "integrity": "sha512-HHFc7Tt1h2ZFT8F/mMv5xlaAMCgK+9XyLjg2izmQ5b9oj4RlbIypXQkDpN6oIpIO/+cxlgB5bATR/EMCsGL11A==",
      "cpu": [
        "arm64"
      ],
      "license": "SEE LICENSE IN LICENSE.md",
      "optional": true,
      "os": [
        "win32"
      ]
    },
    "node_modules/@anthropic-ai/claude-code-win32-x64": {
      "version": "2.1.292",
      "resolved": "https://registry.npmjs.org/@anthropic-ai/claude-code-win32-x64/-/claude-code-win32-x64-2.1.292.tgz",
      "integrity": "sha512-CXrrjj7Czs9o2YossKkN3z/K+/1GmIjjt3H8muHBDzxw/WM/J9I4kz6jBI4wLwt5miVMkXwwhrwT0hhyNPYAIw==",
      "cpu": [
        "x64"
      ],
      "license": "SEE LICENSE IN LICENSE.md",
      "optional": true,
      "os": [
        "win32"
      ]
    }
  }
}
